Microsoft Visual Studio Solution File, Format Version 12.00
# Visual Studio Version 17
VisualStudioVersion = 17.5.2.0
MinimumVisualStudioVersion = 10.0.40219.1
Project("{FAE04EC0-301F-11D3-BF4B-00C04F79EFBC}") = "Cebolinha-", "Cebolinha-.csproj", "{533ED7BE-4B9B-74BD-2675-E89FF98D7578}"
EndProject
Global
	GlobalSection(SolutionConfigurationPlatforms) = preSolution
		Debug|Any CPU = Debug|Any CPU
		Release|Any CPU = Release|Any CPU
	EndGlobalSection
	GlobalSection(ProjectConfigurationPlatforms) = postSolution
		{533ED7BE-4B9B-74BD-2675-E89FF98D7578}.Debug|Any CPU.ActiveCfg = Debug|Any CPU
		{533ED7BE-4B9B-74BD-2675-E89FF98D7578}.Debug|Any CPU.Build.0 = Debug|Any CPU
		{533ED7BE-4B9B-74BD-2675-E89FF98D7578}.Release|Any CPU.ActiveCfg = Release|Any CPU
		{533ED7BE-4B9B-74BD-2675-E89FF98D7578}.Release|Any CPU.Build.0 = Release|Any CPU
	EndGlobalSection
	GlobalSection(SolutionProperties) = preSolution
		HideSolutionNode = FALSE
	EndGlobalSection
	GlobalSection(ExtensibilityGlobals) = postSolution
		SolutionGuid = {BFDFC54C-1B27-46B7-AF30-06D13FF88B96}
	EndGlobalSection
EndGlobal
